
Microsoft Visual Studio Solution File, Format Version 12.00
# Visual Studio Version 17
VisualStudioVersion = 17.5.002.0
MinimumVisualStudioVersion = 10.0.40219.1
Project("{9A19103F-16F7-4668-BE54-9A1E7A4F7556}") = "proyectoBasesDeDatoss", "proyectoBasesDeDatoss.csproj", "{CEB352F3-6FA8-4A6C-AEA0-0278FD3551AB}"
EndProject
Global
	GlobalSection(SolutionConfigurationPlatforms) = preSolution
		Debug|Any CPU = Debug|Any CPU
		Release|Any CPU = Release|Any CPU
	EndGlobalSection
	GlobalSection(ProjectConfigurationPlatforms) = postSolution
		{CEB352F3-6FA8-4A6C-AEA0-0278FD3551AB}.Debug|Any CPU.ActiveCfg = Debug|Any CPU
		{CEB352F3-6FA8-4A6C-AEA0-0278FD3551AB}.Debug|Any CPU.Build.0 = Debug|Any CPU
		{CEB352F3-6FA8-4A6C-AEA0-0278FD3551AB}.Release|Any CPU.ActiveCfg = Release|Any CPU
		{CEB352F3-6FA8-4A6C-AEA0-0278FD3551AB}.Release|Any CPU.Build.0 = Release|Any CPU
	EndGlobalSection
	GlobalSection(SolutionProperties) = preSolution
		HideSolutionNode = FALSE
	EndGlobalSection
	GlobalSection(ExtensibilityGlobals) = postSolution
		SolutionGuid = {141C7DAB-B6DC-40C2-9D07-62F2D84624E4}
	EndGlobalSection
EndGlobal
